// !$*UTF8*$!
{
	archiveVersion = 1;
	classes = {
	};
	objectVersion = 46;
	objects = {

/* Begin PBXBuildFile section */
		DC1D3AB21805884C0045D441 /* Foundation.framework in Frameworks */ = {isa = PBXBuildFile; fileRef = DC1D3AB11805884C0045D441 /* Foundation.framework */; };
		DC1D3AB41805884C0045D441 /* CoreGraphics.framework in Frameworks */ = {isa = PBXBuildFile; fileRef = DC1D3AB31805884C0045D441 /* CoreGraphics.framework */; };
		DC1D3AB61805884C0045D441 /* UIKit.framework in Frameworks */ = {isa = PBXBuildFile; fileRef = DC1D3AB51805884C0045D441 /* UIKit.framework */; };
		DC1D3ABC1805884C0045D441 /* InfoPlist.strings in Resources */ = {isa = PBXBuildFile; fileRef = DC1D3ABA1805884C0045D441 /* InfoPlist.strings */; };
		DC1D3ABE1805884C0045D441 /* main.m in Sources */ = {isa = PBXBuildFile; fileRef = DC1D3ABD1805884C0045D441 /* main.m */; };
		DC1D3AC21805884C0045D441 /* AppDelegate.m in Sources */ = {isa = PBXBuildFile; fileRef = DC1D3AC11805884C0045D441 /* AppDelegate.m */; };
		DC1D3ACD1805884C0045D441 /* Images.xcassets in Resources */ = {isa = PBXBuildFile; fileRef = DC1D3ACC1805884C0045D441 /* Images.xcassets */; };
		DC43920718085FDE00BC64D4 /* ImageCollection.m in Sources */ = {isa = PBXBuildFile; fileRef = DC43920618085FDE00BC64D4 /* ImageCollection.m */; };
		DC43920A1808695100BC64D4 /* UIImageView+FMNetworkImage.m in Sources */ = {isa = PBXBuildFile; fileRef = DC4392091808695100BC64D4 /* UIImageView+FMNetworkImage.m */; };
		DC43920C1808832900BC64D4 /* urls.txt in Resources */ = {isa = PBXBuildFile; fileRef = DC43920B1808832900BC64D4 /* urls.txt */; };
		DCA846C5180ADE6600C5C487 /* placeholder.png in Resources */ = {isa = PBXBuildFile; fileRef = DCA846C3180ADE6600C5C487 /* placeholder.png */; };
		DCA846C6180ADE6600C5C487 /* placeholder@2x.png in Resources */ = {isa = PBXBuildFile; fileRef = DCA846C4180ADE6600C5C487 /* placeholder@2x.png */; };
/* End PBXBuildFile section */

/* Begin PBXFileReference section */
		DC1D3AAE1805884C0045D441 /* NetworkImageTest.app */ = {isa = PBXFileReference; explicitFileType = wrapper.application; includeInIndex = 0; path = NetworkImageTest.app; sourceTree = BUILT_PRODUCTS_DIR; };
		DC1D3AB11805884C0045D441 /* Foundation.framework */ = {isa = PBXFileReference; lastKnownFileType = wrapper.framework; name = Foundation.framework; path = System/Library/Frameworks/Foundation.framework; sourceTree = SDKROOT; };
		DC1D3AB31805884C0045D441 /* CoreGraphics.framework */ = {isa = PBXFileReference; lastKnownFileType = wrapper.framework; name = CoreGraphics.framework; path = System/Library/Frameworks/CoreGraphics.framework; sourceTree = SDKROOT; };
		DC1D3AB51805884C0045D441 /* UIKit.framework */ = {isa = PBXFileReference; lastKnownFileType = wrapper.framework; name = UIKit.framework; path = System/Library/Frameworks/UIKit.framework; sourceTree = SDKROOT; };
		DC1D3AB91805884C0045D441 /* NetworkImageTest-Info.plist */ = {isa = PBXFileReference; lastKnownFileType = text.plist.xml; path = "NetworkImageTest-Info.plist"; sourceTree = "<group>"; };
		DC1D3ABB1805884C0045D441 /* en */ = {isa = PBXFileReference; lastKnownFileType = text.plist.strings; name = en; path = en.lproj/InfoPlist.strings; sourceTree = "<group>"; };
		DC1D3ABD1805884C0045D441 /* main.m */ = {isa = PBXFileReference; lastKnownFileType = sourcecode.c.objc; path = main.m; sourceTree = "<group>"; };
		DC1D3ABF1805884C0045D441 /* NetworkImageTest-Prefix.pch */ = {isa = PBXFileReference; lastKnownFileType = sourcecode.c.h; path = "NetworkImageTest-Prefix.pch"; sourceTree = "<group>"; };
		DC1D3AC01805884C0045D441 /* AppDelegate.h */ = {isa = PBXFileReference; lastKnownFileType = sourcecode.c.h; path = AppDelegate.h; sourceTree = "<group>"; };
		DC1D3AC11805884C0045D441 /* AppDelegate.m */ = {isa = PBXFileReference; lastKnownFileType = sourcecode.c.objc; path = AppDelegate.m; sourceTree = "<group>"; };
		DC1D3ACC1805884C0045D441 /* Images.xcassets */ = {isa = PBXFileReference; lastKnownFileType = folder.assetcatalog; path = Images.xcassets; sourceTree = "<group>"; };
		DC1D3AD31805884C0045D441 /* XCTest.framework */ = {isa = PBXFileReference; lastKnownFileType = wrapper.framework; name = XCTest.framework; path = Library/Frameworks/XCTest.framework; sourceTree = DEVELOPER_DIR; };
		DC1D3AEA180588550045D441 /* FMNetworkImage_old.h */ = {isa = PBXFileReference; fileEncoding = 4; lastKnownFileType = sourcecode.c.h; path = FMNetworkImage_old.h; sourceTree = "<group>"; };
		DC1D3AEB180588550045D441 /* FMNetworkImage_old.m */ = {isa = PBXFileReference; fileEncoding = 4; lastKnownFileType = sourcecode.c.objc; path = FMNetworkImage_old.m; sourceTree = "<group>"; };
		DC43920518085FDE00BC64D4 /* ImageCollection.h */ = {isa = PBXFileReference; fileEncoding = 4; lastKnownFileType = sourcecode.c.h; path = ImageCollection.h; sourceTree = "<group>"; };
		DC43920618085FDE00BC64D4 /* ImageCollection.m */ = {isa = PBXFileReference; fileEncoding = 4; lastKnownFileType = sourcecode.c.objc; path = ImageCollection.m; sourceTree = "<group>"; };
		DC4392081808695100BC64D4 /* UIImageView+FMNetworkImage.h */ = {isa = PBXFileReference; fileEncoding = 4; lastKnownFileType = sourcecode.c.h; path = "UIImageView+FMNetworkImage.h"; sourceTree = "<group>"; };
		DC4392091808695100BC64D4 /* UIImageView+FMNetworkImage.m */ = {isa = PBXFileReference; fileEncoding = 4; lastKnownFileType = sourcecode.c.objc; path = "UIImageView+FMNetworkImage.m"; sourceTree = "<group>"; };
		DC43920B1808832900BC64D4 /* urls.txt */ = {isa = PBXFileReference; fileEncoding = 4; lastKnownFileType = text; path = urls.txt; sourceTree = "<group>"; };
		DCA846C3180ADE6600C5C487 /* placeholder.png */ = {isa = PBXFileReference; lastKnownFileType = image.png; path = placeholder.png; sourceTree = "<group>"; };
		DCA846C4180ADE6600C5C487 /* placeholder@2x.png */ = {isa = PBXFileReference; lastKnownFileType = image.png; path = "placeholder@2x.png"; sourceTree = "<group>"; };
/* End PBXFileReference section */

/* Begin PBXFrameworksBuildPhase section */
		DC1D3AAB1805884C0045D441 /* Frameworks */ = {
			isa = PBXFrameworksBuildPhase;
			buildActionMask = 2147483647;
			files = (
				DC1D3AB41805884C0045D441 /* CoreGraphics.framework in Frameworks */,
				DC1D3AB61805884C0045D441 /* UIKit.framework in Frameworks */,
				DC1D3AB21805884C0045D441 /* Foundation.framework in Frameworks */,
			);
			runOnlyForDeploymentPostprocessing = 0;
		};
/* End PBXFrameworksBuildPhase section */

/* Begin PBXGroup section */
		DC1D3AA51805884B0045D441 = {
			isa = PBXGroup;
			children = (
				DC1D3AE9180588550045D441 /* FMNetworkImage */,
				DC1D3AB71805884C0045D441 /* NetworkImageTest */,
				DC1D3AB01805884C0045D441 /* Frameworks */,
				DC1D3AAF1805884C0045D441 /* Products */,
				DC1D3AB81805884C0045D441 /* Supporting Files */,
			);
			sourceTree = "<group>";
		};
		DC1D3AAF1805884C0045D441 /* Products */ = {
			isa = PBXGroup;
			children = (
				DC1D3AAE1805884C0045D441 /* NetworkImageTest.app */,
			);
			name = Products;
			sourceTree = "<group>";
		};
		DC1D3AB01805884C0045D441 /* Frameworks */ = {
			isa = PBXGroup;
			children = (
				DC1D3AB11805884C0045D441 /* Foundation.framework */,
				DC1D3AB31805884C0045D441 /* CoreGraphics.framework */,
				DC1D3AB51805884C0045D441 /* UIKit.framework */,
				DC1D3AD31805884C0045D441 /* XCTest.framework */,
			);
			name = Frameworks;
			sourceTree = "<group>";
		};
		DC1D3AB71805884C0045D441 /* NetworkImageTest */ = {
			isa = PBXGroup;
			children = (
				DC1D3AC01805884C0045D441 /* AppDelegate.h */,
				DC1D3AC11805884C0045D441 /* AppDelegate.m */,
				DC1D3ACC1805884C0045D441 /* Images.xcassets */,
				DC43920518085FDE00BC64D4 /* ImageCollection.h */,
				DC43920618085FDE00BC64D4 /* ImageCollection.m */,
				DC43920B1808832900BC64D4 /* urls.txt */,
			);
			path = NetworkImageTest;
			sourceTree = "<group>";
		};
		DC1D3AB81805884C0045D441 /* Supporting Files */ = {
			isa = PBXGroup;
			children = (
				DCA846C3180ADE6600C5C487 /* placeholder.png */,
				DCA846C4180ADE6600C5C487 /* placeholder@2x.png */,
				DC1D3AB91805884C0045D441 /* NetworkImageTest-Info.plist */,
				DC1D3ABA1805884C0045D441 /* InfoPlist.strings */,
				DC1D3ABD1805884C0045D441 /* main.m */,
				DC1D3ABF1805884C0045D441 /* NetworkImageTest-Prefix.pch */,
			);
			name = "Supporting Files";
			path = NetworkImageTest;
			sourceTree = "<group>";
		};
		DC1D3AE9180588550045D441 /* FMNetworkImage */ = {
			isa = PBXGroup;
			children = (
				DC1D3AEA180588550045D441 /* FMNetworkImage_old.h */,
				DC1D3AEB180588550045D441 /* FMNetworkImage_old.m */,
				DC4392081808695100BC64D4 /* UIImageView+FMNetworkImage.h */,
				DC4392091808695100BC64D4 /* UIImageView+FMNetworkImage.m */,
			);
			name = FMNetworkImage;
			path = ../FMNetworkImage;
			sourceTree = "<group>";
		};
/* End PBXGroup section */

/* Begin PBXNativeTarget section */
		DC1D3AAD1805884C0045D441 /* NetworkImageTest */ = {
			isa = PBXNativeTarget;
			buildConfigurationList = DC1D3AE31805884C0045D441 /* Build configuration list for PBXNativeTarget "NetworkImageTest" */;
			buildPhases = (
				DC1D3AAA1805884C0045D441 /* Sources */,
				DC1D3AAB1805884C0045D441 /* Frameworks */,
				DC1D3AAC1805884C0045D441 /* Resources */,
			);
			buildRules = (
			);
			dependencies = (
			);
			name = NetworkImageTest;
			productName = NetworkImageTest;
			productReference = DC1D3AAE1805884C0045D441 /* NetworkImageTest.app */;
			productType = "com.apple.product-type.application";
		};
/* End PBXNativeTarget section */

/* Begin PBXProject section */
		DC1D3AA61805884B0045D441 /* Project object */ = {
			isa = PBXProject;
			attributes = {
				LastUpgradeCheck = 0500;
				ORGANIZATIONNAME = fume;
			};
			buildConfigurationList = DC1D3AA91805884B0045D441 /* Build configuration list for PBXProject "NetworkImageTest" */;
			compatibilityVersion = "Xcode 3.2";
			developmentRegion = English;
			hasScannedForEncodings = 0;
			knownRegions = (
				en,
				Base,
			);
			mainGroup = DC1D3AA51805884B0045D441;
			productRefGroup = DC1D3AAF1805884C0045D441 /* Products */;
			projectDirPath = "";
			projectRoot = "";
			targets = (
				DC1D3AAD1805884C0045D441 /* NetworkImageTest */,
			);
		};
/* End PBXProject section */

/* Begin PBXResourcesBuildPhase section */
		DC1D3AAC1805884C0045D441 /* Resources */ = {
			isa = PBXResourcesBuildPhase;
			buildActionMask = 2147483647;
			files = (
				DCA846C6180ADE6600C5C487 /* placeholder@2x.png in Resources */,
				DC1D3ACD1805884C0045D441 /* Images.xcassets in Resources */,
				DCA846C5180ADE6600C5C487 /* placeholder.png in Resources */,
				DC43920C1808832900BC64D4 /* urls.txt in Resources */,
				DC1D3ABC1805884C0045D441 /* InfoPlist.strings in Resources */,
			);
			runOnlyForDeploymentPostprocessing = 0;
		};
/* End PBXResourcesBuildPhase section */

/* Begin PBXSourcesBuildPhase section */
		DC1D3AAA1805884C0045D441 /* Sources */ = {
			isa = PBXSourcesBuildPhase;
			buildActionMask = 2147483647;
			files = (
				DC1D3AC21805884C0045D441 /* AppDelegate.m in Sources */,
				DC1D3ABE1805884C0045D441 /* main.m in Sources */,
				DC43920718085FDE00BC64D4 /* ImageCollection.m in Sources */,
				DC43920A1808695100BC64D4 /* UIImageView+FMNetworkImage.m in Sources */,
			);
			runOnlyForDeploymentPostprocessing = 0;
		};
/* End PBXSourcesBuildPhase section */

/* Begin PBXVariantGroup section */
		DC1D3ABA1805884C0045D441 /* InfoPlist.strings */ = {
			isa = PBXVariantGroup;
			children = (
				DC1D3ABB1805884C0045D441 /* en */,
			);
			name = InfoPlist.strings;
			sourceTree = "<group>";
		};
/* End PBXVariantGroup section */

/* Begin XCBuildConfiguration section */
		DC1D3AE11805884C0045D441 /* Debug */ = {
			isa = XCBuildConfiguration;
			buildSettings = {
				ALWAYS_SEARCH_USER_PATHS = NO;
				ARCHS = "$(ARCHS_STANDARD_INCLUDING_64_BIT)";
				CLANG_CXX_LANGUAGE_STANDARD = "gnu++0x";
				CLANG_CXX_LIBRARY = "libc++";
				CLANG_ENABLE_MODULES = YES;
				CLANG_ENABLE_OBJC_ARC = YES;
				CLANG_WARN_BOOL_CONVERSION = YES;
				CLANG_WARN_CONSTANT_CONVERSION = YES;
				CLANG_WARN_DIRECT_OBJC_ISA_USAGE = YES_ERROR;
				CLANG_WARN_EMPTY_BODY = YES;
				CLANG_WARN_ENUM_CONVERSION = YES;
				CLANG_WARN_INT_CONVERSION = YES;
				CLANG_WARN_OBJC_ROOT_CLASS = YES_ERROR;
				CLANG_WARN__DUPLICATE_METHOD_MATCH = YES;
				"CODE_SIGN_IDENTITY[sdk=iphoneos*]" = "iPhone Developer";
				COPY_PHASE_STRIP = NO;
				GCC_C_LANGUAGE_STANDARD = gnu99;
				GCC_DYNAMIC_NO_PIC = NO;
				GCC_OPTIMIZATION_LEVEL = 0;
				GCC_PREPROCESSOR_DEFINITIONS = (
					"DEBUG=1",
					"$(inherited)",
				);
				GCC_SYMBOLS_PRIVATE_EXTERN = NO;
				GCC_WARN_64_TO_32_BIT_CONVERSION = YES;
				GCC_WARN_ABOUT_RETURN_TYPE = YES_ERROR;
				GCC_WARN_UNDECLARED_SELECTOR = YES;
				GCC_WARN_UNINITIALIZED_AUTOS = YES;
				GCC_WARN_UNUSED_FUNCTION = YES;
				GCC_WARN_UNUSED_VARIABLE = YES;
				IPHONEOS_DEPLOYMENT_TARGET = 7.0;
				ONLY_ACTIVE_ARCH = YES;
				SDKROOT = iphoneos;
				TARGETED_DEVICE_FAMILY = "1,2";
			};
			name = Debug;
		};
		DC1D3AE21805884C0045D441 /* Release */ = {
			isa = XCBuildConfiguration;
			buildSettings = {
				ALWAYS_SEARCH_USER_PATHS = NO;
				ARCHS = "$(ARCHS_STANDARD_INCLUDING_64_BIT)";
				CLANG_CXX_LANGUAGE_STANDARD = "gnu++0x";
				CLANG_CXX_LIBRARY = "libc++";
				CLANG_ENABLE_MODULES = YES;
				CLANG_ENABLE_OBJC_ARC = YES;
				CLANG_WARN_BOOL_CONVERSION = YES;
				CLANG_WARN_CONSTANT_CONVERSION = YES;
				CLANG_WARN_DIRECT_OBJC_ISA_USAGE = YES_ERROR;
				CLANG_WARN_EMPTY_BODY = YES;
				CLANG_WARN_ENUM_CONVERSION = YES;
				CLANG_WARN_INT_CONVERSION = YES;
				CLANG_WARN_OBJC_ROOT_CLASS = YES_ERROR;
				CLANG_WARN__DUPLICATE_METHOD_MATCH = YES;
				"CODE_SIGN_IDENTITY[sdk=iphoneos*]" = "iPhone Developer";
				COPY_PHASE_STRIP = YES;
				ENABLE_NS_ASSERTIONS = NO;
				GCC_C_LANGUAGE_STANDARD = gnu99;
				GCC_WARN_64_TO_32_BIT_CONVERSION = YES;
				GCC_WARN_ABOUT_RETURN_TYPE = YES_ERROR;
				GCC_WARN_UNDECLARED_SELECTOR = YES;
				GCC_WARN_UNINITIALIZED_AUTOS = YES;
				GCC_WARN_UNUSED_FUNCTION = YES;
				GCC_WARN_UNUSED_VARIABLE = YES;
				IPHONEOS_DEPLOYMENT_TARGET = 7.0;
				SDKROOT = iphoneos;
				TARGETED_DEVICE_FAMILY = "1,2";
				VALIDATE_PRODUCT = YES;
			};
			name = Release;
		};
		DC1D3AE41805884C0045D441 /* Debug */ = {
			isa = XCBuildConfiguration;
			buildSettings = {
				ASSETCATALOG_COMPILER_APPICON_NAME = AppIcon;
				ASSETCATALOG_COMPILER_LAUNCHIMAGE_NAME = LaunchImage;
				CLANG_ENABLE_OBJC_ARC = NO;
				GCC_PRECOMPILE_PREFIX_HEADER = YES;
				GCC_PREFIX_HEADER = "NetworkImageTest/NetworkImageTest-Prefix.pch";
				INFOPLIST_FILE = "NetworkImageTest/NetworkImageTest-Info.plist";
				IPHONEOS_DEPLOYMENT_TARGET = 6.0;
				PRODUCT_NAME = "$(TARGET_NAME)";
				TARGETED_DEVICE_FAMILY = "1,2";
				WRAPPER_EXTENSION = app;
			};
			name = Debug;
		};
		DC1D3AE51805884C0045D441 /* Release */ = {
			isa = XCBuildConfiguration;
			buildSettings = {
				ASSETCATALOG_COMPILER_APPICON_NAME = AppIcon;
				ASSETCATALOG_COMPILER_LAUNCHIMAGE_NAME = LaunchImage;
				CLANG_ENABLE_OBJC_ARC = NO;
				GCC_PRECOMPILE_PREFIX_HEADER = YES;
				GCC_PREFIX_HEADER = "NetworkImageTest/NetworkImageTest-Prefix.pch";
				INFOPLIST_FILE = "NetworkImageTest/NetworkImageTest-Info.plist";
				IPHONEOS_DEPLOYMENT_TARGET = 6.0;
				PRODUCT_NAME = "$(TARGET_NAME)";
				TARGETED_DEVICE_FAMILY = "1,2";
				WRAPPER_EXTENSION = app;
			};
			name = Release;
		};
/* End XCBuildConfiguration section */

/* Begin XCConfigurationList section */
		DC1D3AA91805884B0045D441 /* Build configuration list for PBXProject "NetworkImageTest" */ = {
			isa = XCConfigurationList;
			buildConfigurations = (
				DC1D3AE11805884C0045D441 /* Debug */,
				DC1D3AE21805884C0045D441 /* Release */,
			);
			defaultConfigurationIsVisible = 0;
			defaultConfigurationName = Release;
		};
		DC1D3AE31805884C0045D441 /* Build configuration list for PBXNativeTarget "NetworkImageTest" */ = {
			isa = XCConfigurationList;
			buildConfigurations = (
				DC1D3AE41805884C0045D441 /* Debug */,
				DC1D3AE51805884C0045D441 /* Release */,
			);
			defaultConfigurationIsVisible = 0;
			defaultConfigurationName = Release;
		};
/* End XCConfigurationList section */
	};
	rootObject = DC1D3AA61805884B0045D441 /* Project object */;
}
